
Microsoft Visual Studio Solution File, Format Version 12.00
# Visual Studio Express 2012 for Windows Desktop
Project("{8BC9CEB8-8B4A-11D0-8D11-00A0C91BC942}") = "opengl", "opengl.vcxproj", "{1C0D020A-59CD-4F8A-84E8-5C4831A32FCF}"
EndProject
Global
	GlobalSection(SolutionConfigurationPlatforms) = preSolution
		Debug|Win32 = Debug|Win32
		Release|Win32 = Release|Win32
	EndGlobalSection
	GlobalSection(ProjectConfigurationPlatforms) = postSolution
		{1C0D020A-59CD-4F8A-84E8-5C4831A32FCF}.Debug|Win32.ActiveCfg = Debug|Win32
		{1C0D020A-59CD-4F8A-84E8-5C4831A32FCF}.Debug|Win32.Build.0 = Debug|Win32
		{1C0D020A-59CD-4F8A-84E8-5C4831A32FCF}.Release|Win32.ActiveCfg = Release|Win32
		{1C0D020A-59CD-4F8A-84E8-5C4831A32FCF}.Release|Win32.Build.0 = Release|Win32
	EndGlobalSection
	GlobalSection(SolutionProperties) = preSolution
		HideSolutionNode = FALSE
	EndGlobalSection
EndGlobal
